// !$*UTF8*$!
{
	archiveVersion = 1;
	classes = {
	};
	objectVersion = 46;
	objects = {

/* Begin PBXBuildFile section */
		2808BDBB19845A8700BFAAAC /* TimerEx.swift in Sources */ = {isa = PBXBuildFile; fileRef = 2808BDBA19845A8700BFAAAC /* TimerEx.swift */; };
		280D482E1985502D00F00D58 /* Images.xcassets in Resources */ = {isa = PBXBuildFile; fileRef = 280D482D1985502D00F00D58 /* Images.xcassets */; };
		281AA7EB19A3788B001FC3BF /* icon_128x128.png in Resources */ = {isa = PBXBuildFile; fileRef = 281AA7E419A3788B001FC3BF /* icon_128x128.png */; };
		281AA7EC19A3788B001FC3BF /* icon_16x16.png in Resources */ = {isa = PBXBuildFile; fileRef = 281AA7E519A3788B001FC3BF /* icon_16x16.png */; };
		281AA7ED19A3788B001FC3BF /* icon_256x256.png in Resources */ = {isa = PBXBuildFile; fileRef = 281AA7E619A3788B001FC3BF /* icon_256x256.png */; };
		281AA7EE19A3788B001FC3BF /* icon_32x32.png in Resources */ = {isa = PBXBuildFile; fileRef = 281AA7E719A3788B001FC3BF /* icon_32x32.png */; };
		281AA7EF19A3788B001FC3BF /* icon_32x32@2x.png in Resources */ = {isa = PBXBuildFile; fileRef = 281AA7E819A3788B001FC3BF /* icon_32x32@2x.png */; };
		281AA7F019A3788B001FC3BF /* icon_512x512.png in Resources */ = {isa = PBXBuildFile; fileRef = 281AA7E919A3788B001FC3BF /* icon_512x512.png */; };
		281AA7F119A3788B001FC3BF /* icon_512x512@2x.png in Resources */ = {isa = PBXBuildFile; fileRef = 281AA7EA19A3788B001FC3BF /* icon_512x512@2x.png */; };
		283D7561198FF24900729852 /* StatusDetails.swift in Sources */ = {isa = PBXBuildFile; fileRef = 283D7560198FF24900729852 /* StatusDetails.swift */; };
		2860729719842C7800ED3E11 /* main.swift in Sources */ = {isa = PBXBuildFile; fileRef = 2860729619842C7800ED3E11 /* main.swift */; };
		2860729919842C7800ED3E11 /* AppDelegate.swift in Sources */ = {isa = PBXBuildFile; fileRef = 2860729819842C7800ED3E11 /* AppDelegate.swift */; };
		2860729E19842C7800ED3E11 /* MainMenu.xib in Resources */ = {isa = PBXBuildFile; fileRef = 2860729C19842C7800ED3E11 /* MainMenu.xib */; };
		286C62271992164A00468556 /* DefaultPreferences.plist in Resources */ = {isa = PBXBuildFile; fileRef = 286C62261992164A00468556 /* DefaultPreferences.plist */; };
		28D639EE199147CA00535021 /* StatusHandler.swift in Sources */ = {isa = PBXBuildFile; fileRef = 28D639ED199147CA00535021 /* StatusHandler.swift */; };
		28E578291A76D44500716BFC /* NotificationCenter.framework in Frameworks */ = {isa = PBXBuildFile; fileRef = 2839706B1A76B43A00880597 /* NotificationCenter.framework */; };
		28E578301A76D44500716BFC /* InfoPlist.strings in Resources */ = {isa = PBXBuildFile; fileRef = 28E5782E1A76D44500716BFC /* InfoPlist.strings */; };
		28E578321A76D44500716BFC /* TodayViewController.swift in Sources */ = {isa = PBXBuildFile; fileRef = 28E578311A76D44500716BFC /* TodayViewController.swift */; };
		28E578341A76D44500716BFC /* TodayViewController.xib in Resources */ = {isa = PBXBuildFile; fileRef = 28E578331A76D44500716BFC /* TodayViewController.xib */; };
		28E578371A76D44500716BFC /* spacestate info.appex in Embed App Extensions */ = {isa = PBXBuildFile; fileRef = 28E578281A76D44500716BFC /* spacestate info.appex */; settings = {ATTRIBUTES = (RemoveHeadersOnCopy, ); }; };
		28E5783C1A76D4CB00716BFC /* StatusHandler.swift in Sources */ = {isa = PBXBuildFile; fileRef = 28E5783B1A76D4CB00716BFC /* StatusHandler.swift */; };
		28E6C0641985729800FCC04A /* PreferencePane.swift in Sources */ = {isa = PBXBuildFile; fileRef = 28E6C0631985729800FCC04A /* PreferencePane.swift */; };
/* End PBXBuildFile section */

/* Begin PBXContainerItemProxy section */
		28E578351A76D44500716BFC /* PBXContainerItemProxy */ = {
			isa = PBXContainerItemProxy;
			containerPortal = 2860728919842C7800ED3E11 /* Project object */;
			proxyType = 1;
			remoteGlobalIDString = 28E578271A76D44500716BFC;
			remoteInfo = "spacestate info";
		};
/* End PBXContainerItemProxy section */

/* Begin PBXCopyFilesBuildPhase section */
		2839707E1A76B43A00880597 /* Embed App Extensions */ = {
			isa = PBXCopyFilesBuildPhase;
			buildActionMask = 2147483647;
			dstPath = "";
			dstSubfolderSpec = 13;
			files = (
				28E578371A76D44500716BFC /* spacestate info.appex in Embed App Extensions */,
			);
			name = "Embed App Extensions";
			runOnlyForDeploymentPostprocessing = 0;
		};
/* End PBXCopyFilesBuildPhase section */

/* Begin PBXFileReference section */
		2808BDBA19845A8700BFAAAC /* TimerEx.swift */ = {isa = PBXFileReference; fileEncoding = 4; lastKnownFileType = sourcecode.swift; path = TimerEx.swift; sourceTree = "<group>"; };
		280D482D1985502D00F00D58 /* Images.xcassets */ = {isa = PBXFileReference; lastKnownFileType = folder.assetcatalog; path = Images.xcassets; sourceTree = "<group>"; };
		281AA7E419A3788B001FC3BF /* icon_128x128.png */ = {isa = PBXFileReference; lastKnownFileType = image.png; path = icon_128x128.png; sourceTree = "<group>"; };
		281AA7E519A3788B001FC3BF /* icon_16x16.png */ = {isa = PBXFileReference; lastKnownFileType = image.png; path = icon_16x16.png; sourceTree = "<group>"; };
		281AA7E619A3788B001FC3BF /* icon_256x256.png */ = {isa = PBXFileReference; lastKnownFileType = image.png; path = icon_256x256.png; sourceTree = "<group>"; };
		281AA7E719A3788B001FC3BF /* icon_32x32.png */ = {isa = PBXFileReference; lastKnownFileType = image.png; path = icon_32x32.png; sourceTree = "<group>"; };
		281AA7E819A3788B001FC3BF /* icon_32x32@2x.png */ = {isa = PBXFileReference; lastKnownFileType = image.png; path = "icon_32x32@2x.png"; sourceTree = "<group>"; };
		281AA7E919A3788B001FC3BF /* icon_512x512.png */ = {isa = PBXFileReference; lastKnownFileType = image.png; path = icon_512x512.png; sourceTree = "<group>"; };
		281AA7EA19A3788B001FC3BF /* icon_512x512@2x.png */ = {isa = PBXFileReference; lastKnownFileType = image.png; path = "icon_512x512@2x.png"; sourceTree = "<group>"; };
		2839706B1A76B43A00880597 /* NotificationCenter.framework */ = {isa = PBXFileReference; lastKnownFileType = wrapper.framework; name = NotificationCenter.framework; path = Library/Frameworks/NotificationCenter.framework; sourceTree = DEVELOPER_DIR; };
		283D7560198FF24900729852 /* StatusDetails.swift */ = {isa = PBXFileReference; fileEncoding = 4; lastKnownFileType = sourcecode.swift; path = StatusDetails.swift; sourceTree = "<group>"; };
		2860729119842C7800ED3E11 /* spacestate.app */ = {isa = PBXFileReference; explicitFileType = wrapper.application; includeInIndex = 0; path = spacestate.app; sourceTree = BUILT_PRODUCTS_DIR; };
		2860729519842C7800ED3E11 /* Info.plist */ = {isa = PBXFileReference; lastKnownFileType = text.plist.xml; path = Info.plist; sourceTree = "<group>"; };
		2860729619842C7800ED3E11 /* main.swift */ = {isa = PBXFileReference; lastKnownFileType = sourcecode.swift; path = main.swift; sourceTree = "<group>"; };
		2860729819842C7800ED3E11 /* AppDelegate.swift */ = {isa = PBXFileReference; lastKnownFileType = sourcecode.swift; path = AppDelegate.swift; sourceTree = "<group>"; };
		2860729D19842C7800ED3E11 /* Base */ = {isa = PBXFileReference; lastKnownFileType = file.xib; name = Base; path = Base.lproj/MainMenu.xib; sourceTree = "<group>"; };
		286C62261992164A00468556 /* DefaultPreferences.plist */ = {isa = PBXFileReference; fileEncoding = 4; lastKnownFileType = text.plist.xml; name = DefaultPreferences.plist; path = HackSpaceStatusBar/Settings/DefaultPreferences.plist; sourceTree = "<group>"; };
		288739121992317C00993025 /* MainFrameStatusBar.entitlements */ = {isa = PBXFileReference; lastKnownFileType = text.xml; path = MainFrameStatusBar.entitlements; sourceTree = "<group>"; };
		28D639ED199147CA00535021 /* StatusHandler.swift */ = {isa = PBXFileReference; fileEncoding = 4; lastKnownFileType = sourcecode.swift; path = StatusHandler.swift; sourceTree = "<group>"; };
		28E578281A76D44500716BFC /* spacestate info.appex */ = {isa = PBXFileReference; explicitFileType = "wrapper.app-extension"; includeInIndex = 0; path = "spacestate info.appex"; sourceTree = BUILT_PRODUCTS_DIR; };
		28E5782C1A76D44500716BFC /* Info.plist */ = {isa = PBXFileReference; lastKnownFileType = text.plist.xml; path = Info.plist; sourceTree = "<group>"; };
		28E5782D1A76D44500716BFC /* spacestate_info.entitlements */ = {isa = PBXFileReference; lastKnownFileType = text.xml; path = spacestate_info.entitlements; sourceTree = "<group>"; };
		28E5782F1A76D44500716BFC /* en */ = {isa = PBXFileReference; lastKnownFileType = text.plist.strings; name = en; path = en.lproj/InfoPlist.strings; sourceTree = "<group>"; };
		28E578311A76D44500716BFC /* TodayViewController.swift */ = {isa = PBXFileReference; lastKnownFileType = sourcecode.swift; path = TodayViewController.swift; sourceTree = "<group>"; };
		28E578331A76D44500716BFC /* TodayViewController.xib */ = {isa = PBXFileReference; lastKnownFileType = file.xib; path = TodayViewController.xib; sourceTree = "<group>"; };
		28E5783B1A76D4CB00716BFC /* StatusHandler.swift */ = {isa = PBXFileReference; fileEncoding = 4; lastKnownFileType = sourcecode.swift; path = StatusHandler.swift; sourceTree = "<group>"; };
		28E6C0631985729800FCC04A /* PreferencePane.swift */ = {isa = PBXFileReference; fileEncoding = 4; lastKnownFileType = sourcecode.swift; path = PreferencePane.swift; sourceTree = "<group>"; };
/* End PBXFileReference section */

/* Begin PBXFrameworksBuildPhase section */
		2860728E19842C7800ED3E11 /* Frameworks */ = {
			isa = PBXFrameworksBuildPhase;
			buildActionMask = 2147483647;
			files = (
			);
			runOnlyForDeploymentPostprocessing = 0;
		};
		28E578251A76D44500716BFC /* Frameworks */ = {
			isa = PBXFrameworksBuildPhase;
			buildActionMask = 2147483647;
			files = (
				28E578291A76D44500716BFC /* NotificationCenter.framework in Frameworks */,
			);
			runOnlyForDeploymentPostprocessing = 0;
		};
/* End PBXFrameworksBuildPhase section */

/* Begin PBXGroup section */
		281AA7E319A3788B001FC3BF /* App Icon */ = {
			isa = PBXGroup;
			children = (
				281AA7E419A3788B001FC3BF /* icon_128x128.png */,
				281AA7E519A3788B001FC3BF /* icon_16x16.png */,
				281AA7E619A3788B001FC3BF /* icon_256x256.png */,
				281AA7E719A3788B001FC3BF /* icon_32x32.png */,
				281AA7E819A3788B001FC3BF /* icon_32x32@2x.png */,
				281AA7E919A3788B001FC3BF /* icon_512x512.png */,
				281AA7EA19A3788B001FC3BF /* icon_512x512@2x.png */,
			);
			path = "App Icon";
			sourceTree = "<group>";
		};
		2839706A1A76B43A00880597 /* Frameworks */ = {
			isa = PBXGroup;
			children = (
				2839706B1A76B43A00880597 /* NotificationCenter.framework */,
			);
			name = Frameworks;
			sourceTree = "<group>";
		};
		2860728819842C7800ED3E11 = {
			isa = PBXGroup;
			children = (
				2860729319842C7800ED3E11 /* HackSpaceStatusBar */,
				28E5782A1A76D44500716BFC /* spacestate info */,
				2839706A1A76B43A00880597 /* Frameworks */,
				2860729219842C7800ED3E11 /* Products */,
			);
			sourceTree = "<group>";
		};
		2860729219842C7800ED3E11 /* Products */ = {
			isa = PBXGroup;
			children = (
				2860729119842C7800ED3E11 /* spacestate.app */,
				28E578281A76D44500716BFC /* spacestate info.appex */,
			);
			name = Products;
			sourceTree = "<group>";
		};
		2860729319842C7800ED3E11 /* HackSpaceStatusBar */ = {
			isa = PBXGroup;
			children = (
				288739121992317C00993025 /* MainFrameStatusBar.entitlements */,
				280D482D1985502D00F00D58 /* Images.xcassets */,
				2860729819842C7800ED3E11 /* AppDelegate.swift */,
				2860729C19842C7800ED3E11 /* MainMenu.xib */,
				2860729419842C7800ED3E11 /* Supporting Files */,
				2808BDBA19845A8700BFAAAC /* TimerEx.swift */,
				28E6C0631985729800FCC04A /* PreferencePane.swift */,
				283D7560198FF24900729852 /* StatusDetails.swift */,
				28D639ED199147CA00535021 /* StatusHandler.swift */,
				286C62281992165600468556 /* Settings */,
			);
			path = HackSpaceStatusBar;
			sourceTree = "<group>";
		};
		2860729419842C7800ED3E11 /* Supporting Files */ = {
			isa = PBXGroup;
			children = (
				281AA7E319A3788B001FC3BF /* App Icon */,
				2860729519842C7800ED3E11 /* Info.plist */,
				2860729619842C7800ED3E11 /* main.swift */,
			);
			name = "Supporting Files";
			sourceTree = "<group>";
		};
		286C62281992165600468556 /* Settings */ = {
			isa = PBXGroup;
			children = (
				286C62261992164A00468556 /* DefaultPreferences.plist */,
			);
			name = Settings;
			path = ..;
			sourceTree = "<group>";
		};
		28E5782A1A76D44500716BFC /* spacestate info */ = {
			isa = PBXGroup;
			children = (
				28E5783B1A76D4CB00716BFC /* StatusHandler.swift */,
				28E578311A76D44500716BFC /* TodayViewController.swift */,
				28E578331A76D44500716BFC /* TodayViewController.xib */,
				28E5782B1A76D44500716BFC /* Supporting Files */,
			);
			path = "spacestate info";
			sourceTree = "<group>";
		};
		28E5782B1A76D44500716BFC /* Supporting Files */ = {
			isa = PBXGroup;
			children = (
				28E5782C1A76D44500716BFC /* Info.plist */,
				28E5782D1A76D44500716BFC /* spacestate_info.entitlements */,
				28E5782E1A76D44500716BFC /* InfoPlist.strings */,
			);
			name = "Supporting Files";
			sourceTree = "<group>";
		};
/* End PBXGroup section */

/* Begin PBXNativeTarget section */
		2860729019842C7800ED3E11 /* spacestate */ = {
			isa = PBXNativeTarget;
			buildConfigurationList = 286072AD19842C7800ED3E11 /* Build configuration list for PBXNativeTarget "spacestate" */;
			buildPhases = (
				2860728D19842C7800ED3E11 /* Sources */,
				2860728E19842C7800ED3E11 /* Frameworks */,
				2860728F19842C7800ED3E11 /* Resources */,
				2839707E1A76B43A00880597 /* Embed App Extensions */,
			);
			buildRules = (
			);
			dependencies = (
				28E578361A76D44500716BFC /* PBXTargetDependency */,
			);
			name = spacestate;
			productName = HackSpaceStatusBar;
			productReference = 2860729119842C7800ED3E11 /* spacestate.app */;
			productType = "com.apple.product-type.application";
		};
		28E578271A76D44500716BFC /* spacestate info */ = {
			isa = PBXNativeTarget;
			buildConfigurationList = 28E578381A76D44500716BFC /* Build configuration list for PBXNativeTarget "spacestate info" */;
			buildPhases = (
				28E578241A76D44500716BFC /* Sources */,
				28E578251A76D44500716BFC /* Frameworks */,
				28E578261A76D44500716BFC /* Resources */,
			);
			buildRules = (
			);
			dependencies = (
			);
			name = "spacestate info";
			productName = "spacestate info";
			productReference = 28E578281A76D44500716BFC /* spacestate info.appex */;
			productType = "com.apple.product-type.app-extension";
		};
/* End PBXNativeTarget section */

/* Begin PBXProject section */
		2860728919842C7800ED3E11 /* Project object */ = {
			isa = PBXProject;
			attributes = {
				LastUpgradeCheck = 0610;
				ORGANIZATIONNAME = grafixmafia.net;
				TargetAttributes = {
					2860729019842C7800ED3E11 = {
						CreatedOnToolsVersion = 6.0;
						SystemCapabilities = {
							com.apple.Sandbox = {
								enabled = 0;
							};
						};
					};
					28E578271A76D44500716BFC = {
						CreatedOnToolsVersion = 6.1.1;
					};
				};
			};
			buildConfigurationList = 2860728C19842C7800ED3E11 /* Build configuration list for PBXProject "spacestate" */;
			compatibilityVersion = "Xcode 3.2";
			developmentRegion = English;
			hasScannedForEncodings = 0;
			knownRegions = (
				en,
				Base,
			);
			mainGroup = 2860728819842C7800ED3E11;
			productRefGroup = 2860729219842C7800ED3E11 /* Products */;
			projectDirPath = "";
			projectRoot = "";
			targets = (
				2860729019842C7800ED3E11 /* spacestate */,
				28E578271A76D44500716BFC /* spacestate info */,
			);
		};
/* End PBXProject section */

/* Begin PBXResourcesBuildPhase section */
		2860728F19842C7800ED3E11 /* Resources */ = {
			isa = PBXResourcesBuildPhase;
			buildActionMask = 2147483647;
			files = (
				281AA7F119A3788B001FC3BF /* icon_512x512@2x.png in Resources */,
				281AA7EF19A3788B001FC3BF /* icon_32x32@2x.png in Resources */,
				280D482E1985502D00F00D58 /* Images.xcassets in Resources */,
				281AA7F019A3788B001FC3BF /* icon_512x512.png in Resources */,
				281AA7EC19A3788B001FC3BF /* icon_16x16.png in Resources */,
				281AA7EB19A3788B001FC3BF /* icon_128x128.png in Resources */,
				281AA7ED19A3788B001FC3BF /* icon_256x256.png in Resources */,
				286C62271992164A00468556 /* DefaultPreferences.plist in Resources */,
				281AA7EE19A3788B001FC3BF /* icon_32x32.png in Resources */,
				2860729E19842C7800ED3E11 /* MainMenu.xib in Resources */,
			);
			runOnlyForDeploymentPostprocessing = 0;
		};
		28E578261A76D44500716BFC /* Resources */ = {
			isa = PBXResourcesBuildPhase;
			buildActionMask = 2147483647;
			files = (
				28E578341A76D44500716BFC /* TodayViewController.xib in Resources */,
				28E578301A76D44500716BFC /* InfoPlist.strings in Resources */,
			);
			runOnlyForDeploymentPostprocessing = 0;
		};
/* End PBXResourcesBuildPhase section */

/* Begin PBXSourcesBuildPhase section */
		2860728D19842C7800ED3E11 /* Sources */ = {
			isa = PBXSourcesBuildPhase;
			buildActionMask = 2147483647;
			files = (
				28D639EE199147CA00535021 /* StatusHandler.swift in Sources */,
				2808BDBB19845A8700BFAAAC /* TimerEx.swift in Sources */,
				2860729919842C7800ED3E11 /* AppDelegate.swift in Sources */,
				28E6C0641985729800FCC04A /* PreferencePane.swift in Sources */,
				283D7561198FF24900729852 /* StatusDetails.swift in Sources */,
				2860729719842C7800ED3E11 /* main.swift in Sources */,
			);
			runOnlyForDeploymentPostprocessing = 0;
		};
		28E578241A76D44500716BFC /* Sources */ = {
			isa = PBXSourcesBuildPhase;
			buildActionMask = 2147483647;
			files = (
				28E5783C1A76D4CB00716BFC /* StatusHandler.swift in Sources */,
				28E578321A76D44500716BFC /* TodayViewController.swift in Sources */,
			);
			runOnlyForDeploymentPostprocessing = 0;
		};
/* End PBXSourcesBuildPhase section */

/* Begin PBXTargetDependency section */
		28E578361A76D44500716BFC /* PBXTargetDependency */ = {
			isa = PBXTargetDependency;
			target = 28E578271A76D44500716BFC /* spacestate info */;
			targetProxy = 28E578351A76D44500716BFC /* PBXContainerItemProxy */;
		};
/* End PBXTargetDependency section */

/* Begin PBXVariantGroup section */
		2860729C19842C7800ED3E11 /* MainMenu.xib */ = {
			isa = PBXVariantGroup;
			children = (
				2860729D19842C7800ED3E11 /* Base */,
			);
			name = MainMenu.xib;
			sourceTree = "<group>";
		};
		28E5782E1A76D44500716BFC /* InfoPlist.strings */ = {
			isa = PBXVariantGroup;
			children = (
				28E5782F1A76D44500716BFC /* en */,
			);
			name = InfoPlist.strings;
			sourceTree = "<group>";
		};
/* End PBXVariantGroup section */

/* Begin XCBuildConfiguration section */
		286072AB19842C7800ED3E11 /* Debug */ = {
			isa = XCBuildConfiguration;
			buildSettings = {
				ALWAYS_SEARCH_USER_PATHS = NO;
				CLANG_CXX_LANGUAGE_STANDARD = "gnu++0x";
				CLANG_CXX_LIBRARY = "libc++";
				CLANG_ENABLE_MODULES = YES;
				CLANG_ENABLE_OBJC_ARC = YES;
				CLANG_WARN_BOOL_CONVERSION = YES;
				CLANG_WARN_CONSTANT_CONVERSION = YES;
				CLANG_WARN_DIRECT_OBJC_ISA_USAGE = YES_ERROR;
				CLANG_WARN_EMPTY_BODY = YES;
				CLANG_WARN_ENUM_CONVERSION = YES;
				CLANG_WARN_INT_CONVERSION = YES;
				CLANG_WARN_OBJC_ROOT_CLASS = YES_ERROR;
				CLANG_WARN_UNREACHABLE_CODE = YES;
				CLANG_WARN__DUPLICATE_METHOD_MATCH = YES;
				CODE_SIGN_IDENTITY = "-";
				COPY_PHASE_STRIP = NO;
				ENABLE_STRICT_OBJC_MSGSEND = YES;
				GCC_C_LANGUAGE_STANDARD = gnu99;
				GCC_DYNAMIC_NO_PIC = NO;
				GCC_OPTIMIZATION_LEVEL = 0;
				GCC_PREPROCESSOR_DEFINITIONS = (
					"DEBUG=1",
					"$(inherited)",
				);
				GCC_SYMBOLS_PRIVATE_EXTERN = NO;
				GCC_WARN_64_TO_32_BIT_CONVERSION = YES;
				GCC_WARN_ABOUT_RETURN_TYPE = YES_ERROR;
				GCC_WARN_UNDECLARED_SELECTOR = YES;
				GCC_WARN_UNINITIALIZED_AUTOS = YES_AGGRESSIVE;
				GCC_WARN_UNUSED_FUNCTION = YES;
				GCC_WARN_UNUSED_VARIABLE = YES;
				MACOSX_DEPLOYMENT_TARGET = 10.9;
				MTL_ENABLE_DEBUG_INFO = YES;
				ONLY_ACTIVE_ARCH = YES;
				SDKROOT = macosx10.9;
				SWIFT_OPTIMIZATION_LEVEL = "-Onone";
				VALID_ARCHS = "x86_64 i386";
			};
			name = Debug;
		};
		286072AC19842C7800ED3E11 /* Release */ = {
			isa = XCBuildConfiguration;
			buildSettings = {
				ALWAYS_SEARCH_USER_PATHS = NO;
				CLANG_CXX_LANGUAGE_STANDARD = "gnu++0x";
				CLANG_CXX_LIBRARY = "libc++";
				CLANG_ENABLE_MODULES = YES;
				CLANG_ENABLE_OBJC_ARC = YES;
				CLANG_WARN_BOOL_CONVERSION = YES;
				CLANG_WARN_CONSTANT_CONVERSION = YES;
				CLANG_WARN_DIRECT_OBJC_ISA_USAGE = YES_ERROR;
				CLANG_WARN_EMPTY_BODY = YES;
				CLANG_WARN_ENUM_CONVERSION = YES;
				CLANG_WARN_INT_CONVERSION = YES;
				CLANG_WARN_OBJC_ROOT_CLASS = YES_ERROR;
				CLANG_WARN_UNREACHABLE_CODE = YES;
				CLANG_WARN__DUPLICATE_METHOD_MATCH = YES;
				CODE_SIGN_IDENTITY = "-";
				COPY_PHASE_STRIP = YES;
				DEBUG_INFORMATION_FORMAT = "dwarf-with-dsym";
				ENABLE_NS_ASSERTIONS = NO;
				ENABLE_STRICT_OBJC_MSGSEND = YES;
				GCC_C_LANGUAGE_STANDARD = gnu99;
				GCC_WARN_64_TO_32_BIT_CONVERSION = YES;
				GCC_WARN_ABOUT_RETURN_TYPE = YES_ERROR;
				GCC_WARN_UNDECLARED_SELECTOR = YES;
				GCC_WARN_UNINITIALIZED_AUTOS = YES_AGGRESSIVE;
				GCC_WARN_UNUSED_FUNCTION = YES;
				GCC_WARN_UNUSED_VARIABLE = YES;
				MACOSX_DEPLOYMENT_TARGET = 10.9;
				MTL_ENABLE_DEBUG_INFO = NO;
				ONLY_ACTIVE_ARCH = YES;
				SDKROOT = macosx10.9;
				VALID_ARCHS = "x86_64 i386";
			};
			name = Release;
		};
		286072AE19842C7800ED3E11 /* Debug */ = {
			isa = XCBuildConfiguration;
			buildSettings = {
				ASSETCATALOG_COMPILER_APPICON_NAME = AppIcon;
				COMBINE_HIDPI_IMAGES = YES;
				EMBEDDED_CONTENT_CONTAINS_SWIFT = YES;
				INFOPLIST_FILE = HackSpaceStatusBar/Info.plist;
				LD_RUNPATH_SEARCH_PATHS = "$(inherited) @executable_path/../Frameworks";
				MACOSX_DEPLOYMENT_TARGET = 10.9;
				PRODUCT_NAME = spacestate;
				SDKROOT = macosx;
			};
			name = Debug;
		};
		286072AF19842C7800ED3E11 /* Release */ = {
			isa = XCBuildConfiguration;
			buildSettings = {
				ASSETCATALOG_COMPILER_APPICON_NAME = AppIcon;
				COMBINE_HIDPI_IMAGES = YES;
				EMBEDDED_CONTENT_CONTAINS_SWIFT = YES;
				INFOPLIST_FILE = HackSpaceStatusBar/Info.plist;
				LD_RUNPATH_SEARCH_PATHS = "$(inherited) @executable_path/../Frameworks";
				MACOSX_DEPLOYMENT_TARGET = 10.9;
				PRODUCT_NAME = spacestate;
				SDKROOT = macosx;
			};
			name = Release;
		};
		28E578391A76D44500716BFC /* Debug */ = {
			isa = XCBuildConfiguration;
			buildSettings = {
				CODE_SIGN_ENTITLEMENTS = "spacestate info/spacestate_info.entitlements";
				CODE_SIGN_IDENTITY = "-";
				COMBINE_HIDPI_IMAGES = YES;
				FRAMEWORK_SEARCH_PATHS = (
					"$(inherited)",
					"$(DEVELOPER_FRAMEWORKS_DIR)",
				);
				GCC_PREPROCESSOR_DEFINITIONS = (
					"DEBUG=1",
					"$(inherited)",
				);
				INFOPLIST_FILE = "spacestate info/Info.plist";
				LD_RUNPATH_SEARCH_PATHS = "$(inherited) @executable_path/../Frameworks @executable_path/../../../../Frameworks";
				MACOSX_DEPLOYMENT_TARGET = 10.10;
				PRODUCT_NAME = "$(TARGET_NAME)";
				SDKROOT = macosx;
				SKIP_INSTALL = YES;
			};
			name = Debug;
		};
		28E5783A1A76D44500716BFC /* Release */ = {
			isa = XCBuildConfiguration;
			buildSettings = {
				CODE_SIGN_ENTITLEMENTS = "spacestate info/spacestate_info.entitlements";
				CODE_SIGN_IDENTITY = "-";
				COMBINE_HIDPI_IMAGES = YES;
				FRAMEWORK_SEARCH_PATHS = (
					"$(inherited)",
					"$(DEVELOPER_FRAMEWORKS_DIR)",
				);
				INFOPLIST_FILE = "spacestate info/Info.plist";
				LD_RUNPATH_SEARCH_PATHS = "$(inherited) @executable_path/../Frameworks @executable_path/../../../../Frameworks";
				MACOSX_DEPLOYMENT_TARGET = 10.10;
				PRODUCT_NAME = "$(TARGET_NAME)";
				SDKROOT = macosx;
				SKIP_INSTALL = YES;
			};
			name = Release;
		};
/* End XCBuildConfiguration section */

/* Begin XCConfigurationList section */
		2860728C19842C7800ED3E11 /* Build configuration list for PBXProject "spacestate" */ = {
			isa = XCConfigurationList;
			buildConfigurations = (
				286072AB19842C7800ED3E11 /* Debug */,
				286072AC19842C7800ED3E11 /* Release */,
			);
			defaultConfigurationIsVisible = 0;
			defaultConfigurationName = Release;
		};
		286072AD19842C7800ED3E11 /* Build configuration list for PBXNativeTarget "spacestate" */ = {
			isa = XCConfigurationList;
			buildConfigurations = (
				286072AE19842C7800ED3E11 /* Debug */,
				286072AF19842C7800ED3E11 /* Release */,
			);
			defaultConfigurationIsVisible = 0;
			defaultConfigurationName = Release;
		};
		28E578381A76D44500716BFC /* Build configuration list for PBXNativeTarget "spacestate info" */ = {
			isa = XCConfigurationList;
			buildConfigurations = (
				28E578391A76D44500716BFC /* Debug */,
				28E5783A1A76D44500716BFC /* Release */,
			);
			defaultConfigurationIsVisible = 0;
			defaultConfigurationName = Release;
		};
/* End XCConfigurationList section */
	};
	rootObject = 2860728919842C7800ED3E11 /* Project object */;
}
